
Microsoft Visual Studio Solution File, Format Version 12.00
# Visual Studio Version 17
VisualStudioVersion = 17.14.36408.4 d17.14
MinimumVisualStudioVersion = 10.0.40219.1
Project("{FAE04EC0-301F-11D3-BF4B-00C04F79EFBC}") = "Hafta2_Odev", "Hafta2_Odev\Hafta2_Odev.csproj", "{B5C8C265-DD68-46E3-A6D4-13BFD7304CE4}"
EndProject
Global
	GlobalSection(SolutionConfigurationPlatforms) = preSolution
		Debug|Any CPU = Debug|Any CPU
		Release|Any CPU = Release|Any CPU
	EndGlobalSection
	GlobalSection(ProjectConfigurationPlatforms) = postSolution
		{B5C8C265-DD68-46E3-A6D4-13BFD7304CE4}.Debug|Any CPU.ActiveCfg = Debug|Any CPU
		{B5C8C265-DD68-46E3-A6D4-13BFD7304CE4}.Debug|Any CPU.Build.0 = Debug|Any CPU
		{B5C8C265-DD68-46E3-A6D4-13BFD7304CE4}.Release|Any CPU.ActiveCfg = Release|Any CPU
		{B5C8C265-DD68-46E3-A6D4-13BFD7304CE4}.Release|Any CPU.Build.0 = Release|Any CPU
	EndGlobalSection
	GlobalSection(SolutionProperties) = preSolution
		HideSolutionNode = FALSE
	EndGlobalSection
	GlobalSection(ExtensibilityGlobals) = postSolution
		SolutionGuid = {A3C28608-A7CF-4E2D-926E-737FC73B0EB6}
	EndGlobalSection
EndGlobal
